{
  "name": "clone_platforms_nodejs",
  "version": "1.0.0",
  "lockfileVersion": 3,
  "requires": true,
  "packages": {
    "": {
      "name": "clone_platforms_nodejs",
      "version": "1.0.0",
      "license": "ISC",
      "dependencies": {
        "@pingast/platforms": "^1.0.0"
      }
    },
    "node_modules/@pingast/platforms": {
      "version": "1.0.0",
      "resolved": "https://npm.pkg.github.com/download/@pingast/platforms/1.0.0/dd6bdd70812dba11dfd3aac023d16cd2d670407a",
      "integrity": "sha512-KMqoSPJvfkvbeUxRA/JBsHqgG12WPryTw6UtAD+vPmyg9jFzQhYXj7n9dTUF+tmgql/QIU3uMiOrUI6BXtW6nQ==",
      "license": "ISC"
    }
  }
}
